// !$*UTF8*$!
{
	archiveVersion = 1;
	classes = {
	};
	objectVersion = 77;
	objects = {

/* Begin PBXBuildFile section */
		015BB2249C76B46E07EB9F00 /* ContentView+Keyboard.swift in Sources */ = {isa = PBXBuildFile; fileRef = 58C326F735258AE5C8D5D527 /* ContentView+Keyboard.swift */; };
		0488A9C421F970A68BBA7AAD /* StorageService.swift in Sources */ = {isa = PBXBuildFile; fileRef = 4C0676320811E5654AF8C61A /* StorageService.swift */; };
		0AA736BE179360C720FC5754 /* ResizeEdgesView.swift in Sources */ = {isa = PBXBuildFile; fileRef = 7C5DD7D390AD90A064ABFD3F /* ResizeEdgesView.swift */; };
		0B3EC2FBF6D5D3CA8357C078 /* EmptyStateView.swift in Sources */ = {isa = PBXBuildFile; fileRef = F537A567B33B532658632D61 /* EmptyStateView.swift */; };
		0BB82E789601C21315C81423 /* ExpandedView.swift in Sources */ = {isa = PBXBuildFile; fileRef = 062C5782E45CD930AA05DC0F /* ExpandedView.swift */; };
		0C21559E6A6D080D39BA5771 /* NativeDragView.swift in Sources */ = {isa = PBXBuildFile; fileRef = B772BEF3EA5851ED7AE1278F /* NativeDragView.swift */; };
		11FADE0C67FD4EF0AA736A3A /* ContentView+Actions.swift in Sources */ = {isa = PBXBuildFile; fileRef = 8B3C4D032E9EB40E8CA80964 /* ContentView+Actions.swift */; };
		1A521F304E94CD3F62B16160 /* ActionConfirmationModalView.swift in Sources */ = {isa = PBXBuildFile; fileRef = B25A08F7F951AEE13AE43CCB /* ActionConfirmationModalView.swift */; };
		1B478EB92B0DF60A53A17BF1 /* CopyM8App.swift in Sources */ = {isa = PBXBuildFile; fileRef = 9870C57343C9C60F93714D9C /* CopyM8App.swift */; };
		2C1ADFFF76F2009E716BFC8A /* SyncSettingsTab.swift in Sources */ = {isa = PBXBuildFile; fileRef = D76CD67F7A65510AC15F7770 /* SyncSettingsTab.swift */; };
		2E25865FBE9A2BD3A9BDDCEF /* ClipboardFolderView.swift in Sources */ = {isa = PBXBuildFile; fileRef = BFCA4AEE1A8FD76CAABB5ED2 /* ClipboardFolderView.swift */; };
		2F89AC82606B4208C0087923 /* ClipboardManager+Reordering.swift in Sources */ = {isa = PBXBuildFile; fileRef = EC1E8AE6675C1A16860C38EB /* ClipboardManager+Reordering.swift */; };
		315F0714E2B60E5EB78A17BB /* ClipboardManager+Queue.swift in Sources */ = {isa = PBXBuildFile; fileRef = 85133DBA7971D324B0A51CB8 /* ClipboardManager+Queue.swift */; };
		3631EBCC4D9E1E7024F4CC10 /* NSEvent+Extensions.swift in Sources */ = {isa = PBXBuildFile; fileRef = 6175B26DB02864F3CAF8D87B /* NSEvent+Extensions.swift */; };
		39329DEA93D3B9557C35DC3D /* QueueHUDView.swift in Sources */ = {isa = PBXBuildFile; fileRef = 72BAE07969D50F5E346F0A93 /* QueueHUDView.swift */; };
		3DAAE5949C907B15AD96D4BB /* EditModeFooterView.swift in Sources */ = {isa = PBXBuildFile; fileRef = D0C193A9E47C581EFD57012E /* EditModeFooterView.swift */; };
		581912D7D3DFB6BDB07727D1 /* ClipboardManager+Sync.swift in Sources */ = {isa = PBXBuildFile; fileRef = 624AF7E284DE964FB8588AFB /* ClipboardManager+Sync.swift */; };
		5D946B7AE0F50A2868AFE0C2 /* TypesSettingsTab.swift in Sources */ = {isa = PBXBuildFile; fileRef = 743BBCC2F45DAE65010700FD /* TypesSettingsTab.swift */; };
		68F4DA1E223ECE8A94E04F41 /* CloudSyncService.swift in Sources */ = {isa = PBXBuildFile; fileRef = 011F3CD7F77F10FA7E20C11D /* CloudSyncService.swift */; };
		70171F234A177219261E8B6F /* ReorderFooterView.swift in Sources */ = {isa = PBXBuildFile; fileRef = 47F97D68EB881DD7C8D706DF /* ReorderFooterView.swift */; };
		7543F914987FAA53A8F9089E /* ContentView+DisplayNodes.swift in Sources */ = {isa = PBXBuildFile; fileRef = 5F02B2A9FAF13D12F7637DD9 /* ContentView+DisplayNodes.swift */; };
		79A9E8EB1B0B35A7555E4DFD /* ShortcutManager.swift in Sources */ = {isa = PBXBuildFile; fileRef = 1618755D3C4A1DBB5CA9C33B /* ShortcutManager.swift */; };
		89BAF7F3084DDF5EBC54BD65 /* ContentView+Helpers.swift in Sources */ = {isa = PBXBuildFile; fileRef = 0C911E3543FEF0810070D2B8 /* ContentView+Helpers.swift */; };
		930ACA6E0B67724D01128936 /* HeaderView.swift in Sources */ = {isa = PBXBuildFile; fileRef = D834C7E0E6A6002EA57C89CE /* HeaderView.swift */; };
		944DE72B3F7EC7CE4F21B802 /* HistoryEvictionService.swift in Sources */ = {isa = PBXBuildFile; fileRef = 3BE3872755A11471DFBCD304 /* HistoryEvictionService.swift */; };
		9567EBA87F926482E84BFF5C /* ClipboardManager.swift in Sources */ = {isa = PBXBuildFile; fileRef = 288D2FCD5D67DDA11FBF95F9 /* ClipboardManager.swift */; };
		959CE8E421BF129B5EA80C36 /* ContentViewModel.swift in Sources */ = {isa = PBXBuildFile; fileRef = 930E66940580B8B764A233EF /* ContentViewModel.swift */; };
		97216CA8CE63421BBA5EED0A /* SettingsWindowManager.swift in Sources */ = {isa = PBXBuildFile; fileRef = 5040EDC90CA94F89DE858BE0 /* SettingsWindowManager.swift */; };
		9A4A69E92359896ECF9BD096 /* ClipboardListView.swift in Sources */ = {isa = PBXBuildFile; fileRef = EB8A3324213A7A17F61D2BC3 /* ClipboardListView.swift */; };
		9A7DBBB05A39B362B9E45472 /* VisualEffectView.swift in Sources */ = {isa = PBXBuildFile; fileRef = 3486ED9F9756BC5D247DDD19 /* VisualEffectView.swift */; };
		A6BBD5D608E60948558AB449 /* PrivacySettingsTab.swift in Sources */ = {isa = PBXBuildFile; fileRef = 6B868909F0B81C4E16B8214A /* PrivacySettingsTab.swift */; };
		A9E727A852233586D168AED3 /* ClipboardFolderListView.swift in Sources */ = {isa = PBXBuildFile; fileRef = A0ED62B404B678B910652E36 /* ClipboardFolderListView.swift */; };
		B0F725B139A4CC4CA6B49259 /* GeneralSettingsTab.swift in Sources */ = {isa = PBXBuildFile; fileRef = 853C7BD923D2D76612DAFFF0 /* GeneralSettingsTab.swift */; };
		B1A5A26CF2CCC54D97AE2C16 /* ClipboardItemView.swift in Sources */ = {isa = PBXBuildFile; fileRef = 7E9ADD5155AE7F85A49CC403 /* ClipboardItemView.swift */; };
		B2A562F1FDD17E7871E29E32 /* ContentView.swift in Sources */ = {isa = PBXBuildFile; fileRef = A1D8932979B40E81239B375C /* ContentView.swift */; };
		B69B295D990F94B891C1CBEC /* BackupManager.swift in Sources */ = {isa = PBXBuildFile; fileRef = BC36D4F3777ED863606C6FF3 /* BackupManager.swift */; };
		BB3E42B11ECDC43FADBAC930 /* SearchBarView.swift in Sources */ = {isa = PBXBuildFile; fileRef = 9D265E5B9692706B00E3CAEA /* SearchBarView.swift */; };
		C054C8FF388F545FE7196069 /* GroupAssignmentView.swift in Sources */ = {isa = PBXBuildFile; fileRef = 96757C3044CCF48F442ADC7F /* GroupAssignmentView.swift */; };
		CA40AFA4228C788A17B0A573 /* KeyboardShortcuts in Frameworks */ = {isa = PBXBuildFile; productRef = A4DEFEBF6EDEF8A5A5842847 /* KeyboardShortcuts */; };
		CB62ACE1E901A11CED9EECA3 /* ClipboardManager+Items.swift in Sources */ = {isa = PBXBuildFile; fileRef = 5B6BE163FF71B3F0AA7BC7A0 /* ClipboardManager+Items.swift */; };
		DA1CA14816A64BF8D75B50CF /* Assets.xcassets in Resources */ = {isa = PBXBuildFile; fileRef = 785BEE7B1738C1C4F863A88D /* Assets.xcassets */; };
		DA6D15892B4DC2EBDAA3B88A /* SettingsView.swift in Sources */ = {isa = PBXBuildFile; fileRef = C5C661F84DB97AE3C5A00F75 /* SettingsView.swift */; };
		DCC6BB130674912FDA7C3313 /* PillView.swift in Sources */ = {isa = PBXBuildFile; fileRef = 83485927FF8872BCAF884DAF /* PillView.swift */; };
		E80E78A7756EC55579E1543B /* KeyboardMonitorModifier.swift in Sources */ = {isa = PBXBuildFile; fileRef = CFC782A55FF056C6C18DD0EA /* KeyboardMonitorModifier.swift */; };
		E8FB19ABE608A59EA1C5D8CF /* DeviceSwitcherView.swift in Sources */ = {isa = PBXBuildFile; fileRef = 9120B9C24F54708837515BBB /* DeviceSwitcherView.swift */; };
		F2E703CE2F65EA2623665154 /* ClipboardManager+Polling.swift in Sources */ = {isa = PBXBuildFile; fileRef = BEBD43F8CACA8CF86B9315E0 /* ClipboardManager+Polling.swift */; };
		F5CDB2FCA549E209A420E1EE /* TabBarView.swift in Sources */ = {isa = PBXBuildFile; fileRef = 070E79462943B23C6219D7D4 /* TabBarView.swift */; };
		F75CB79C762D23969EA810B7 /* ShortcutsSettingsTab.swift in Sources */ = {isa = PBXBuildFile; fileRef = E0EBAB129F021568F9056B81 /* ShortcutsSettingsTab.swift */; };
		F7926AA79D218FB7A7C3E5EB /* ClipboardManager+Folders.swift in Sources */ = {isa = PBXBuildFile; fileRef = 1EF534A0EBC59032A58C703E /* ClipboardManager+Folders.swift */; };
		FB2A8CAC2D0E4A1884C5B514 /* ContentView+Window.swift in Sources */ = {isa = PBXBuildFile; fileRef = 1666A509636239ACFA8E67E3 /* ContentView+Window.swift */; };
/* End PBXBuildFile section */

/* Begin PBXFileReference section */
		011F3CD7F77F10FA7E20C11D /* CloudSyncService.swift */ = {isa = PBXFileReference; lastKnownFileType = sourcecode.swift; path = CloudSyncService.swift; sourceTree = "<group>"; };
		062C5782E45CD930AA05DC0F /* ExpandedView.swift */ = {isa = PBXFileReference; lastKnownFileType = sourcecode.swift; path = ExpandedView.swift; sourceTree = "<group>"; };
		070E79462943B23C6219D7D4 /* TabBarView.swift */ = {isa = PBXFileReference; lastKnownFileType = sourcecode.swift; path = TabBarView.swift; sourceTree = "<group>"; };
		0C911E3543FEF0810070D2B8 /* ContentView+Helpers.swift */ = {isa = PBXFileReference; lastKnownFileType = sourcecode.swift; path = "ContentView+Helpers.swift"; sourceTree = "<group>"; };
		1618755D3C4A1DBB5CA9C33B /* ShortcutManager.swift */ = {isa = PBXFileReference; lastKnownFileType = sourcecode.swift; path = ShortcutManager.swift; sourceTree = "<group>"; };
		1666A509636239ACFA8E67E3 /* ContentView+Window.swift */ = {isa = PBXFileReference; lastKnownFileType = sourcecode.swift; path = "ContentView+Window.swift"; sourceTree = "<group>"; };
		1EF534A0EBC59032A58C703E /* ClipboardManager+Folders.swift */ = {isa = PBXFileReference; lastKnownFileType = sourcecode.swift; path = "ClipboardManager+Folders.swift"; sourceTree = "<group>"; };
		288D2FCD5D67DDA11FBF95F9 /* ClipboardManager.swift */ = {isa = PBXFileReference; lastKnownFileType = sourcecode.swift; path = ClipboardManager.swift; sourceTree = "<group>"; };
		2ECAA114012F5CBBBF5EC6AB /* Info.plist */ = {isa = PBXFileReference; lastKnownFileType = text.plist; path = Info.plist; sourceTree = "<group>"; };
		3486ED9F9756BC5D247DDD19 /* VisualEffectView.swift */ = {isa = PBXFileReference; lastKnownFileType = sourcecode.swift; path = VisualEffectView.swift; sourceTree = "<group>"; };
		3BE3872755A11471DFBCD304 /* HistoryEvictionService.swift */ = {isa = PBXFileReference; lastKnownFileType = sourcecode.swift; path = HistoryEvictionService.swift; sourceTree = "<group>"; };
		47F97D68EB881DD7C8D706DF /* ReorderFooterView.swift */ = {isa = PBXFileReference; lastKnownFileType = sourcecode.swift; path = ReorderFooterView.swift; sourceTree = "<group>"; };
		4C0676320811E5654AF8C61A /* StorageService.swift */ = {isa = PBXFileReference; lastKnownFileType = sourcecode.swift; path = StorageService.swift; sourceTree = "<group>"; };
		5040EDC90CA94F89DE858BE0 /* SettingsWindowManager.swift */ = {isa = PBXFileReference; lastKnownFileType = sourcecode.swift; path = SettingsWindowManager.swift; sourceTree = "<group>"; };
		58C326F735258AE5C8D5D527 /* ContentView+Keyboard.swift */ = {isa = PBXFileReference; lastKnownFileType = sourcecode.swift; path = "ContentView+Keyboard.swift"; sourceTree = "<group>"; };
		5B6BE163FF71B3F0AA7BC7A0 /* ClipboardManager+Items.swift */ = {isa = PBXFileReference; lastKnownFileType = sourcecode.swift; path = "ClipboardManager+Items.swift"; sourceTree = "<group>"; };
		5F02B2A9FAF13D12F7637DD9 /* ContentView+DisplayNodes.swift */ = {isa = PBXFileReference; lastKnownFileType = sourcecode.swift; path = "ContentView+DisplayNodes.swift"; sourceTree = "<group>"; };
		6175B26DB02864F3CAF8D87B /* NSEvent+Extensions.swift */ = {isa = PBXFileReference; lastKnownFileType = sourcecode.swift; path = "NSEvent+Extensions.swift"; sourceTree = "<group>"; };
		624AF7E284DE964FB8588AFB /* ClipboardManager+Sync.swift */ = {isa = PBXFileReference; lastKnownFileType = sourcecode.swift; path = "ClipboardManager+Sync.swift"; sourceTree = "<group>"; };
		6B868909F0B81C4E16B8214A /* PrivacySettingsTab.swift */ = {isa = PBXFileReference; lastKnownFileType = sourcecode.swift; path = PrivacySettingsTab.swift; sourceTree = "<group>"; };
		72BAE07969D50F5E346F0A93 /* QueueHUDView.swift */ = {isa = PBXFileReference; includeInIndex = 1; lastKnownFileType = sourcecode.swift; path = QueueHUDView.swift; sourceTree = "<group>"; };
		743BBCC2F45DAE65010700FD /* TypesSettingsTab.swift */ = {isa = PBXFileReference; lastKnownFileType = sourcecode.swift; path = TypesSettingsTab.swift; sourceTree = "<group>"; };
		785BEE7B1738C1C4F863A88D /* Assets.xcassets */ = {isa = PBXFileReference; lastKnownFileType = folder.assetcatalog; path = Assets.xcassets; sourceTree = "<group>"; };
		7C5DD7D390AD90A064ABFD3F /* ResizeEdgesView.swift */ = {isa = PBXFileReference; lastKnownFileType = sourcecode.swift; path = ResizeEdgesView.swift; sourceTree = "<group>"; };
		7E9ADD5155AE7F85A49CC403 /* ClipboardItemView.swift */ = {isa = PBXFileReference; lastKnownFileType = sourcecode.swift; path = ClipboardItemView.swift; sourceTree = "<group>"; };
		8162541FBF9AAEDBC6767D29 /* CopyM8.app */ = {isa = PBXFileReference; explicitFileType = wrapper.application; includeInIndex = 0; path = CopyM8.app; sourceTree = BUILT_PRODUCTS_DIR; };
		83485927FF8872BCAF884DAF /* PillView.swift */ = {isa = PBXFileReference; lastKnownFileType = sourcecode.swift; path = PillView.swift; sourceTree = "<group>"; };
		85133DBA7971D324B0A51CB8 /* ClipboardManager+Queue.swift */ = {isa = PBXFileReference; lastKnownFileType = sourcecode.swift; path = "ClipboardManager+Queue.swift"; sourceTree = "<group>"; };
		853C7BD923D2D76612DAFFF0 /* GeneralSettingsTab.swift */ = {isa = PBXFileReference; lastKnownFileType = sourcecode.swift; path = GeneralSettingsTab.swift; sourceTree = "<group>"; };
		8B3C4D032E9EB40E8CA80964 /* ContentView+Actions.swift */ = {isa = PBXFileReference; lastKnownFileType = sourcecode.swift; path = "ContentView+Actions.swift"; sourceTree = "<group>"; };
		9120B9C24F54708837515BBB /* DeviceSwitcherView.swift */ = {isa = PBXFileReference; lastKnownFileType = sourcecode.swift; path = DeviceSwitcherView.swift; sourceTree = "<group>"; };
		930E66940580B8B764A233EF /* ContentViewModel.swift */ = {isa = PBXFileReference; lastKnownFileType = sourcecode.swift; path = ContentViewModel.swift; sourceTree = "<group>"; };
		96757C3044CCF48F442ADC7F /* GroupAssignmentView.swift */ = {isa = PBXFileReference; lastKnownFileType = sourcecode.swift; path = GroupAssignmentView.swift; sourceTree = "<group>"; };
		9870C57343C9C60F93714D9C /* CopyM8App.swift */ = {isa = PBXFileReference; lastKnownFileType = sourcecode.swift; path = CopyM8App.swift; sourceTree = "<group>"; };
		9D265E5B9692706B00E3CAEA /* SearchBarView.swift */ = {isa = PBXFileReference; lastKnownFileType = sourcecode.swift; path = SearchBarView.swift; sourceTree = "<group>"; };
		A0ED62B404B678B910652E36 /* ClipboardFolderListView.swift */ = {isa = PBXFileReference; lastKnownFileType = sourcecode.swift; path = ClipboardFolderListView.swift; sourceTree = "<group>"; };
		A1D8932979B40E81239B375C /* ContentView.swift */ = {isa = PBXFileReference; lastKnownFileType = sourcecode.swift; path = ContentView.swift; sourceTree = "<group>"; };
		B25A08F7F951AEE13AE43CCB /* ActionConfirmationModalView.swift */ = {isa = PBXFileReference; lastKnownFileType = sourcecode.swift; path = ActionConfirmationModalView.swift; sourceTree = "<group>"; };
		B772BEF3EA5851ED7AE1278F /* NativeDragView.swift */ = {isa = PBXFileReference; lastKnownFileType = sourcecode.swift; path = NativeDragView.swift; sourceTree = "<group>"; };
		BC36D4F3777ED863606C6FF3 /* BackupManager.swift */ = {isa = PBXFileReference; lastKnownFileType = sourcecode.swift; path = BackupManager.swift; sourceTree = "<group>"; };
		BEBD43F8CACA8CF86B9315E0 /* ClipboardManager+Polling.swift */ = {isa = PBXFileReference; lastKnownFileType = sourcecode.swift; path = "ClipboardManager+Polling.swift"; sourceTree = "<group>"; };
		BFCA4AEE1A8FD76CAABB5ED2 /* ClipboardFolderView.swift */ = {isa = PBXFileReference; lastKnownFileType = sourcecode.swift; path = ClipboardFolderView.swift; sourceTree = "<group>"; };
		C5C661F84DB97AE3C5A00F75 /* SettingsView.swift */ = {isa = PBXFileReference; lastKnownFileType = sourcecode.swift; path = SettingsView.swift; sourceTree = "<group>"; };
		CFC782A55FF056C6C18DD0EA /* KeyboardMonitorModifier.swift */ = {isa = PBXFileReference; lastKnownFileType = sourcecode.swift; path = KeyboardMonitorModifier.swift; sourceTree = "<group>"; };
		D0C193A9E47C581EFD57012E /* EditModeFooterView.swift */ = {isa = PBXFileReference; lastKnownFileType = sourcecode.swift; path = EditModeFooterView.swift; sourceTree = "<group>"; };
		D76CD67F7A65510AC15F7770 /* SyncSettingsTab.swift */ = {isa = PBXFileReference; lastKnownFileType = sourcecode.swift; path = SyncSettingsTab.swift; sourceTree = "<group>"; };
		D834C7E0E6A6002EA57C89CE /* HeaderView.swift */ = {isa = PBXFileReference; lastKnownFileType = sourcecode.swift; path = HeaderView.swift; sourceTree = "<group>"; };
		E0EBAB129F021568F9056B81 /* ShortcutsSettingsTab.swift */ = {isa = PBXFileReference; lastKnownFileType = sourcecode.swift; path = ShortcutsSettingsTab.swift; sourceTree = "<group>"; };
		EB8A3324213A7A17F61D2BC3 /* ClipboardListView.swift */ = {isa = PBXFileReference; lastKnownFileType = sourcecode.swift; path = ClipboardListView.swift; sourceTree = "<group>"; };
		EC1E8AE6675C1A16860C38EB /* ClipboardManager+Reordering.swift */ = {isa = PBXFileReference; lastKnownFileType = sourcecode.swift; path = "ClipboardManager+Reordering.swift"; sourceTree = "<group>"; };
		F537A567B33B532658632D61 /* EmptyStateView.swift */ = {isa = PBXFileReference; lastKnownFileType = sourcecode.swift; path = EmptyStateView.swift; sourceTree = "<group>"; };
/* End PBXFileReference section */

/* Begin PBXFrameworksBuildPhase section */
		4B9DA49D213F820A1A4DE2AB /* Frameworks */ = {
			isa = PBXFrameworksBuildPhase;
			buildActionMask = 2147483647;
			files = (
				CA40AFA4228C788A17B0A573 /* KeyboardShortcuts in Frameworks */,
			);
			runOnlyForDeploymentPostprocessing = 0;
		};
/* End PBXFrameworksBuildPhase section */

/* Begin PBXGroup section */
		0D864FA93B03761EA28B0F61 /* HUD */ = {
			isa = PBXGroup;
			children = (
				72BAE07969D50F5E346F0A93 /* QueueHUDView.swift */,
			);
			name = HUD;
			sourceTree = "<group>";
		};
		181FA14C096CE70675A2FAD9 /* Components */ = {
			isa = PBXGroup;
			children = (
				B25A08F7F951AEE13AE43CCB /* ActionConfirmationModalView.swift */,
				A0ED62B404B678B910652E36 /* ClipboardFolderListView.swift */,
				BFCA4AEE1A8FD76CAABB5ED2 /* ClipboardFolderView.swift */,
				7E9ADD5155AE7F85A49CC403 /* ClipboardItemView.swift */,
				EB8A3324213A7A17F61D2BC3 /* ClipboardListView.swift */,
				9120B9C24F54708837515BBB /* DeviceSwitcherView.swift */,
				D0C193A9E47C581EFD57012E /* EditModeFooterView.swift */,
				F537A567B33B532658632D61 /* EmptyStateView.swift */,
				062C5782E45CD930AA05DC0F /* ExpandedView.swift */,
				96757C3044CCF48F442ADC7F /* GroupAssignmentView.swift */,
				D834C7E0E6A6002EA57C89CE /* HeaderView.swift */,
				CFC782A55FF056C6C18DD0EA /* KeyboardMonitorModifier.swift */,
				83485927FF8872BCAF884DAF /* PillView.swift */,
				47F97D68EB881DD7C8D706DF /* ReorderFooterView.swift */,
				9D265E5B9692706B00E3CAEA /* SearchBarView.swift */,
				070E79462943B23C6219D7D4 /* TabBarView.swift */,
			);
			path = Components;
			sourceTree = "<group>";
		};
		59B3186F59FA098F2622B86B /* Views */ = {
			isa = PBXGroup;
			children = (
				181FA14C096CE70675A2FAD9 /* Components */,
				C4C0C6408EE554F4E90BED22 /* Modifiers */,
				8566A503C124E4E6CF3181B2 /* Settings */,
				0D864FA93B03761EA28B0F61 /* HUD */,
			);
			path = Views;
			sourceTree = "<group>";
		};
		6F4A19739433DAD2D5E7BC8F = {
			isa = PBXGroup;
			children = (
				AF8B5A3326A0D3B725AC6559 /* CopyM8 */,
				B7BDB12CB8D1D67DB962ED41 /* Products */,
			);
			sourceTree = "<group>";
		};
		70858F115741347818C015EE /* Extensions */ = {
			isa = PBXGroup;
			children = (
				1EF534A0EBC59032A58C703E /* ClipboardManager+Folders.swift */,
				5B6BE163FF71B3F0AA7BC7A0 /* ClipboardManager+Items.swift */,
				BEBD43F8CACA8CF86B9315E0 /* ClipboardManager+Polling.swift */,
				85133DBA7971D324B0A51CB8 /* ClipboardManager+Queue.swift */,
				EC1E8AE6675C1A16860C38EB /* ClipboardManager+Reordering.swift */,
				624AF7E284DE964FB8588AFB /* ClipboardManager+Sync.swift */,
				8B3C4D032E9EB40E8CA80964 /* ContentView+Actions.swift */,
				5F02B2A9FAF13D12F7637DD9 /* ContentView+DisplayNodes.swift */,
				0C911E3543FEF0810070D2B8 /* ContentView+Helpers.swift */,
				58C326F735258AE5C8D5D527 /* ContentView+Keyboard.swift */,
				1666A509636239ACFA8E67E3 /* ContentView+Window.swift */,
				6175B26DB02864F3CAF8D87B /* NSEvent+Extensions.swift */,
			);
			path = Extensions;
			sourceTree = "<group>";
		};
		7DB0EDCC46F336A975DB3F26 /* Tabs */ = {
			isa = PBXGroup;
			children = (
				853C7BD923D2D76612DAFFF0 /* GeneralSettingsTab.swift */,
				6B868909F0B81C4E16B8214A /* PrivacySettingsTab.swift */,
				E0EBAB129F021568F9056B81 /* ShortcutsSettingsTab.swift */,
				D76CD67F7A65510AC15F7770 /* SyncSettingsTab.swift */,
				743BBCC2F45DAE65010700FD /* TypesSettingsTab.swift */,
			);
			path = Tabs;
			sourceTree = "<group>";
		};
		8566A503C124E4E6CF3181B2 /* Settings */ = {
			isa = PBXGroup;
			children = (
				C5C661F84DB97AE3C5A00F75 /* SettingsView.swift */,
				7DB0EDCC46F336A975DB3F26 /* Tabs */,
			);
			path = Settings;
			sourceTree = "<group>";
		};
		AF8B5A3326A0D3B725AC6559 /* CopyM8 */ = {
			isa = PBXGroup;
			children = (
				785BEE7B1738C1C4F863A88D /* Assets.xcassets */,
				BC36D4F3777ED863606C6FF3 /* BackupManager.swift */,
				288D2FCD5D67DDA11FBF95F9 /* ClipboardManager.swift */,
				011F3CD7F77F10FA7E20C11D /* CloudSyncService.swift */,
				A1D8932979B40E81239B375C /* ContentView.swift */,
				930E66940580B8B764A233EF /* ContentViewModel.swift */,
				9870C57343C9C60F93714D9C /* CopyM8App.swift */,
				3BE3872755A11471DFBCD304 /* HistoryEvictionService.swift */,
				2ECAA114012F5CBBBF5EC6AB /* Info.plist */,
				5040EDC90CA94F89DE858BE0 /* SettingsWindowManager.swift */,
				1618755D3C4A1DBB5CA9C33B /* ShortcutManager.swift */,
				4C0676320811E5654AF8C61A /* StorageService.swift */,
				3486ED9F9756BC5D247DDD19 /* VisualEffectView.swift */,
				70858F115741347818C015EE /* Extensions */,
				59B3186F59FA098F2622B86B /* Views */,
			);
			path = CopyM8;
			sourceTree = "<group>";
		};
		B7BDB12CB8D1D67DB962ED41 /* Products */ = {
			isa = PBXGroup;
			children = (
				8162541FBF9AAEDBC6767D29 /* CopyM8.app */,
			);
			name = Products;
			sourceTree = "<group>";
		};
		C4C0C6408EE554F4E90BED22 /* Modifiers */ = {
			isa = PBXGroup;
			children = (
				B772BEF3EA5851ED7AE1278F /* NativeDragView.swift */,
				7C5DD7D390AD90A064ABFD3F /* ResizeEdgesView.swift */,
			);
			path = Modifiers;
			sourceTree = "<group>";
		};
/* End PBXGroup section */

/* Begin PBXNativeTarget section */
		E058DAEA7A5D2799C1BC4786 /* CopyM8 */ = {
			isa = PBXNativeTarget;
			buildConfigurationList = EFDA662514B92A8826CDA782 /* Build configuration list for PBXNativeTarget "CopyM8" */;
			buildPhases = (
				5250B8E0E4326CBDC1A37FD2 /* Sources */,
				C1737AB8D4B7BB344EB8DE0D /* Resources */,
				4B9DA49D213F820A1A4DE2AB /* Frameworks */,
			);
			buildRules = (
			);
			dependencies = (
			);
			name = CopyM8;
			packageProductDependencies = (
				A4DEFEBF6EDEF8A5A5842847 /* KeyboardShortcuts */,
			);
			productName = CopyM8;
			productReference = 8162541FBF9AAEDBC6767D29 /* CopyM8.app */;
			productType = "com.apple.product-type.application";
		};
/* End PBXNativeTarget section */

/* Begin PBXProject section */
		B996032CD557D5DFABF3A020 /* Project object */ = {
			isa = PBXProject;
			attributes = {
				BuildIndependentTargetsInParallel = YES;
				LastUpgradeCheck = 1430;
				TargetAttributes = {
				};
			};
			buildConfigurationList = F8F2D4294CA80586499DFC75 /* Build configuration list for PBXProject "CopyM8" */;
			developmentRegion = en;
			hasScannedForEncodings = 0;
			knownRegions = (
				Base,
				en,
			);
			mainGroup = 6F4A19739433DAD2D5E7BC8F;
			minimizedProjectReferenceProxies = 1;
			packageReferences = (
				98754D8AF3AEBF896504199C /* XCRemoteSwiftPackageReference "KeyboardShortcuts" */,
			);
			preferredProjectObjectVersion = 77;
			productRefGroup = B7BDB12CB8D1D67DB962ED41 /* Products */;
			projectDirPath = "";
			projectRoot = "";
			targets = (
				E058DAEA7A5D2799C1BC4786 /* CopyM8 */,
			);
		};
/* End PBXProject section */

/* Begin PBXResourcesBuildPhase section */
		C1737AB8D4B7BB344EB8DE0D /* Resources */ = {
			isa = PBXResourcesBuildPhase;
			buildActionMask = 2147483647;
			files = (
				DA1CA14816A64BF8D75B50CF /* Assets.xcassets in Resources */,
			);
			runOnlyForDeploymentPostprocessing = 0;
		};
/* End PBXResourcesBuildPhase section */

/* Begin PBXSourcesBuildPhase section */
		5250B8E0E4326CBDC1A37FD2 /* Sources */ = {
			isa = PBXSourcesBuildPhase;
			buildActionMask = 2147483647;
			files = (
				1A521F304E94CD3F62B16160 /* ActionConfirmationModalView.swift in Sources */,
				B69B295D990F94B891C1CBEC /* BackupManager.swift in Sources */,
				A9E727A852233586D168AED3 /* ClipboardFolderListView.swift in Sources */,
				2E25865FBE9A2BD3A9BDDCEF /* ClipboardFolderView.swift in Sources */,
				B1A5A26CF2CCC54D97AE2C16 /* ClipboardItemView.swift in Sources */,
				9A4A69E92359896ECF9BD096 /* ClipboardListView.swift in Sources */,
				F7926AA79D218FB7A7C3E5EB /* ClipboardManager+Folders.swift in Sources */,
				CB62ACE1E901A11CED9EECA3 /* ClipboardManager+Items.swift in Sources */,
				F2E703CE2F65EA2623665154 /* ClipboardManager+Polling.swift in Sources */,
				315F0714E2B60E5EB78A17BB /* ClipboardManager+Queue.swift in Sources */,
				2F89AC82606B4208C0087923 /* ClipboardManager+Reordering.swift in Sources */,
				581912D7D3DFB6BDB07727D1 /* ClipboardManager+Sync.swift in Sources */,
				9567EBA87F926482E84BFF5C /* ClipboardManager.swift in Sources */,
				68F4DA1E223ECE8A94E04F41 /* CloudSyncService.swift in Sources */,
				11FADE0C67FD4EF0AA736A3A /* ContentView+Actions.swift in Sources */,
				7543F914987FAA53A8F9089E /* ContentView+DisplayNodes.swift in Sources */,
				89BAF7F3084DDF5EBC54BD65 /* ContentView+Helpers.swift in Sources */,
				015BB2249C76B46E07EB9F00 /* ContentView+Keyboard.swift in Sources */,
				FB2A8CAC2D0E4A1884C5B514 /* ContentView+Window.swift in Sources */,
				B2A562F1FDD17E7871E29E32 /* ContentView.swift in Sources */,
				959CE8E421BF129B5EA80C36 /* ContentViewModel.swift in Sources */,
				1B478EB92B0DF60A53A17BF1 /* CopyM8App.swift in Sources */,
				E8FB19ABE608A59EA1C5D8CF /* DeviceSwitcherView.swift in Sources */,
				3DAAE5949C907B15AD96D4BB /* EditModeFooterView.swift in Sources */,
				0B3EC2FBF6D5D3CA8357C078 /* EmptyStateView.swift in Sources */,
				0BB82E789601C21315C81423 /* ExpandedView.swift in Sources */,
				B0F725B139A4CC4CA6B49259 /* GeneralSettingsTab.swift in Sources */,
				C054C8FF388F545FE7196069 /* GroupAssignmentView.swift in Sources */,
				930ACA6E0B67724D01128936 /* HeaderView.swift in Sources */,
				944DE72B3F7EC7CE4F21B802 /* HistoryEvictionService.swift in Sources */,
				E80E78A7756EC55579E1543B /* KeyboardMonitorModifier.swift in Sources */,
				3631EBCC4D9E1E7024F4CC10 /* NSEvent+Extensions.swift in Sources */,
				0C21559E6A6D080D39BA5771 /* NativeDragView.swift in Sources */,
				DCC6BB130674912FDA7C3313 /* PillView.swift in Sources */,
				A6BBD5D608E60948558AB449 /* PrivacySettingsTab.swift in Sources */,
				70171F234A177219261E8B6F /* ReorderFooterView.swift in Sources */,
				0AA736BE179360C720FC5754 /* ResizeEdgesView.swift in Sources */,
				BB3E42B11ECDC43FADBAC930 /* SearchBarView.swift in Sources */,
				DA6D15892B4DC2EBDAA3B88A /* SettingsView.swift in Sources */,
				97216CA8CE63421BBA5EED0A /* SettingsWindowManager.swift in Sources */,
				79A9E8EB1B0B35A7555E4DFD /* ShortcutManager.swift in Sources */,
				F75CB79C762D23969EA810B7 /* ShortcutsSettingsTab.swift in Sources */,
				0488A9C421F970A68BBA7AAD /* StorageService.swift in Sources */,
				2C1ADFFF76F2009E716BFC8A /* SyncSettingsTab.swift in Sources */,
				F5CDB2FCA549E209A420E1EE /* TabBarView.swift in Sources */,
				5D946B7AE0F50A2868AFE0C2 /* TypesSettingsTab.swift in Sources */,
				9A7DBBB05A39B362B9E45472 /* VisualEffectView.swift in Sources */,
				39329DEA93D3B9557C35DC3D /* QueueHUDView.swift in Sources */,
			);
			runOnlyForDeploymentPostprocessing = 0;
		};
/* End PBXSourcesBuildPhase section */

/* Begin XCBuildConfiguration section */
		168277065CCD92F9F7872F81 /* Release */ = {
			isa = XCBuildConfiguration;
			buildSettings = {
				ALWAYS_SEARCH_USER_PATHS = NO;
				CLANG_ANALYZER_NONNULL = YES;
				CLANG_ANALYZER_NUMBER_OBJECT_CONVERSION = YES_AGGRESSIVE;
				CLANG_CXX_LANGUAGE_STANDARD = "gnu++14";
				CLANG_CXX_LIBRARY = "libc++";
				CLANG_ENABLE_MODULES = YES;
				CLANG_ENABLE_OBJC_ARC = YES;
				CLANG_ENABLE_OBJC_WEAK = YES;
				CLANG_WARN_BLOCK_CAPTURE_AUTORELEASING = YES;
				CLANG_WARN_BOOL_CONVERSION = YES;
				CLANG_WARN_COMMA = YES;
				CLANG_WARN_CONSTANT_CONVERSION = YES;
				CLANG_WARN_DEPRECATED_OBJC_IMPLEMENTATIONS = YES;
				CLANG_WARN_DIRECT_OBJC_ISA_USAGE = YES_ERROR;
				CLANG_WARN_DOCUMENTATION_COMMENTS = YES;
				CLANG_WARN_EMPTY_BODY = YES;
				CLANG_WARN_ENUM_CONVERSION = YES;
				CLANG_WARN_INFINITE_RECURSION = YES;
				CLANG_WARN_INT_CONVERSION = YES;
				CLANG_WARN_NON_LITERAL_NULL_CONVERSION = YES;
				CLANG_WARN_OBJC_IMPLICIT_RETAIN_SELF = YES;
				CLANG_WARN_OBJC_LITERAL_CONVERSION = YES;
				CLANG_WARN_OBJC_ROOT_CLASS = YES_ERROR;
				CLANG_WARN_QUOTED_INCLUDE_IN_FRAMEWORK_HEADER = YES;
				CLANG_WARN_RANGE_LOOP_ANALYSIS = YES;
				CLANG_WARN_STRICT_PROTOTYPES = YES;
				CLANG_WARN_SUSPICIOUS_MOVE = YES;
				CLANG_WARN_UNGUARDED_AVAILABILITY = YES_AGGRESSIVE;
				CLANG_WARN_UNREACHABLE_CODE = YES;
				CLANG_WARN__DUPLICATE_METHOD_MATCH = YES;
				COPY_PHASE_STRIP = NO;
				DEBUG_INFORMATION_FORMAT = "dwarf-with-dsym";
				ENABLE_NS_ASSERTIONS = NO;
				ENABLE_STRICT_OBJC_MSGSEND = YES;
				GCC_C_LANGUAGE_STANDARD = gnu11;
				GCC_NO_COMMON_BLOCKS = YES;
				GCC_WARN_64_TO_32_BIT_CONVERSION = YES;
				GCC_WARN_ABOUT_RETURN_TYPE = YES_ERROR;
				GCC_WARN_UNDECLARED_SELECTOR = YES;
				GCC_WARN_UNINITIALIZED_AUTOS = YES_AGGRESSIVE;
				GCC_WARN_UNUSED_FUNCTION = YES;
				GCC_WARN_UNUSED_VARIABLE = YES;
				MTL_ENABLE_DEBUG_INFO = NO;
				MTL_FAST_MATH = YES;
				PRODUCT_NAME = "$(TARGET_NAME)";
				SDKROOT = macosx;
				SWIFT_COMPILATION_MODE = wholemodule;
				SWIFT_OPTIMIZATION_LEVEL = "-O";
				SWIFT_VERSION = 5.0;
			};
			name = Release;
		};
		994FD51507E64C814C650700 /* Debug */ = {
			isa = XCBuildConfiguration;
			buildSettings = {
				ASSETCATALOG_COMPILER_APPICON_NAME = AppIcon;
				COMBINE_HIDPI_IMAGES = YES;
				INFOPLIST_FILE = CopyM8/Info.plist;
				LD_RUNPATH_SEARCH_PATHS = (
					"$(inherited)",
					"@executable_path/../Frameworks",
				);
				MACOSX_DEPLOYMENT_TARGET = 14.0;
				PRODUCT_BUNDLE_IDENTIFIER = com.vatsa.CopyM8;
				SDKROOT = macosx;
			};
			name = Debug;
		};
		A609E5F3FAA9461A33D21159 /* Debug */ = {
			isa = XCBuildConfiguration;
			buildSettings = {
				ALWAYS_SEARCH_USER_PATHS = NO;
				CLANG_ANALYZER_NONNULL = YES;
				CLANG_ANALYZER_NUMBER_OBJECT_CONVERSION = YES_AGGRESSIVE;
				CLANG_CXX_LANGUAGE_STANDARD = "gnu++14";
				CLANG_CXX_LIBRARY = "libc++";
				CLANG_ENABLE_MODULES = YES;
				CLANG_ENABLE_OBJC_ARC = YES;
				CLANG_ENABLE_OBJC_WEAK = YES;
				CLANG_WARN_BLOCK_CAPTURE_AUTORELEASING = YES;
				CLANG_WARN_BOOL_CONVERSION = YES;
				CLANG_WARN_COMMA = YES;
				CLANG_WARN_CONSTANT_CONVERSION = YES;
				CLANG_WARN_DEPRECATED_OBJC_IMPLEMENTATIONS = YES;
				CLANG_WARN_DIRECT_OBJC_ISA_USAGE = YES_ERROR;
				CLANG_WARN_DOCUMENTATION_COMMENTS = YES;
				CLANG_WARN_EMPTY_BODY = YES;
				CLANG_WARN_ENUM_CONVERSION = YES;
				CLANG_WARN_INFINITE_RECURSION = YES;
				CLANG_WARN_INT_CONVERSION = YES;
				CLANG_WARN_NON_LITERAL_NULL_CONVERSION = YES;
				CLANG_WARN_OBJC_IMPLICIT_RETAIN_SELF = YES;
				CLANG_WARN_OBJC_LITERAL_CONVERSION = YES;
				CLANG_WARN_OBJC_ROOT_CLASS = YES_ERROR;
				CLANG_WARN_QUOTED_INCLUDE_IN_FRAMEWORK_HEADER = YES;
				CLANG_WARN_RANGE_LOOP_ANALYSIS = YES;
				CLANG_WARN_STRICT_PROTOTYPES = YES;
				CLANG_WARN_SUSPICIOUS_MOVE = YES;
				CLANG_WARN_UNGUARDED_AVAILABILITY = YES_AGGRESSIVE;
				CLANG_WARN_UNREACHABLE_CODE = YES;
				CLANG_WARN__DUPLICATE_METHOD_MATCH = YES;
				COPY_PHASE_STRIP = NO;
				DEBUG_INFORMATION_FORMAT = dwarf;
				ENABLE_STRICT_OBJC_MSGSEND = YES;
				ENABLE_TESTABILITY = YES;
				GCC_C_LANGUAGE_STANDARD = gnu11;
				GCC_DYNAMIC_NO_PIC = NO;
				GCC_NO_COMMON_BLOCKS = YES;
				GCC_OPTIMIZATION_LEVEL = 0;
				GCC_PREPROCESSOR_DEFINITIONS = (
					"$(inherited)",
					"DEBUG=1",
				);
				GCC_WARN_64_TO_32_BIT_CONVERSION = YES;
				GCC_WARN_ABOUT_RETURN_TYPE = YES_ERROR;
				GCC_WARN_UNDECLARED_SELECTOR = YES;
				GCC_WARN_UNINITIALIZED_AUTOS = YES_AGGRESSIVE;
				GCC_WARN_UNUSED_FUNCTION = YES;
				GCC_WARN_UNUSED_VARIABLE = YES;
				MTL_ENABLE_DEBUG_INFO = INCLUDE_SOURCE;
				MTL_FAST_MATH = YES;
				ONLY_ACTIVE_ARCH = YES;
				PRODUCT_NAME = "$(TARGET_NAME)";
				SDKROOT = macosx;
				SWIFT_ACTIVE_COMPILATION_CONDITIONS = DEBUG;
				SWIFT_OPTIMIZATION_LEVEL = "-Onone";
				SWIFT_VERSION = 5.0;
			};
			name = Debug;
		};
		BCA1A47E31F124A716AD3A90 /* Release */ = {
			isa = XCBuildConfiguration;
			buildSettings = {
				ASSETCATALOG_COMPILER_APPICON_NAME = AppIcon;
				COMBINE_HIDPI_IMAGES = YES;
				INFOPLIST_FILE = CopyM8/Info.plist;
				LD_RUNPATH_SEARCH_PATHS = (
					"$(inherited)",
					"@executable_path/../Frameworks",
				);
				MACOSX_DEPLOYMENT_TARGET = 14.0;
				PRODUCT_BUNDLE_IDENTIFIER = com.vatsa.CopyM8;
				SDKROOT = macosx;
			};
			name = Release;
		};
/* End XCBuildConfiguration section */

/* Begin XCConfigurationList section */
		EFDA662514B92A8826CDA782 /* Build configuration list for PBXNativeTarget "CopyM8" */ = {
			isa = XCConfigurationList;
			buildConfigurations = (
				994FD51507E64C814C650700 /* Debug */,
				BCA1A47E31F124A716AD3A90 /* Release */,
			);
			defaultConfigurationIsVisible = 0;
			defaultConfigurationName = Debug;
		};
		F8F2D4294CA80586499DFC75 /* Build configuration list for PBXProject "CopyM8" */ = {
			isa = XCConfigurationList;
			buildConfigurations = (
				A609E5F3FAA9461A33D21159 /* Debug */,
				168277065CCD92F9F7872F81 /* Release */,
			);
			defaultConfigurationIsVisible = 0;
			defaultConfigurationName = Debug;
		};
/* End XCConfigurationList section */

/* Begin XCRemoteSwiftPackageReference section */
		98754D8AF3AEBF896504199C /* XCRemoteSwiftPackageReference "KeyboardShortcuts" */ = {
			isa = XCRemoteSwiftPackageReference;
			repositoryURL = "https://github.com/sindresorhus/KeyboardShortcuts.git";
			requirement = {
				kind = upToNextMajorVersion;
				minimumVersion = 2.2.2;
			};
		};
/* End XCRemoteSwiftPackageReference section */

/* Begin XCSwiftPackageProductDependency section */
		A4DEFEBF6EDEF8A5A5842847 /* KeyboardShortcuts */ = {
			isa = XCSwiftPackageProductDependency;
			package = 98754D8AF3AEBF896504199C /* XCRemoteSwiftPackageReference "KeyboardShortcuts" */;
			productName = KeyboardShortcuts;
		};
/* End XCSwiftPackageProductDependency section */
	};
	rootObject = B996032CD557D5DFABF3A020 /* Project object */;
}
